
Microsoft Visual Studio Solution File, Format Version 12.00
# Visual Studio Version 17
VisualStudioVersion = 17.2.32616.157
MinimumVisualStudioVersion = 10.0.40219.1
Project("{FAE04EC0-301F-11D3-BF4B-00C04F79EFBC}") = "ApiRestDisney", "ApiRestDisney\ApiRestDisney.csproj", "{A82B1DBB-BD7B-4B5D-B37D-B611AF31621E}"
EndProject
Global
	GlobalSection(SolutionConfigurationPlatforms) = preSolution
		Debug|Any CPU = Debug|Any CPU
		Release|Any CPU = Release|Any CPU
	EndGlobalSection
	GlobalSection(ProjectConfigurationPlatforms) = postSolution
		{A82B1DBB-BD7B-4B5D-B37D-B611AF31621E}.Debug|Any CPU.ActiveCfg = Debug|Any CPU
		{A82B1DBB-BD7B-4B5D-B37D-B611AF31621E}.Debug|Any CPU.Build.0 = Debug|Any CPU
		{A82B1DBB-BD7B-4B5D-B37D-B611AF31621E}.Release|Any CPU.ActiveCfg = Release|Any CPU
		{A82B1DBB-BD7B-4B5D-B37D-B611AF31621E}.Release|Any CPU.Build.0 = Release|Any CPU
	EndGlobalSection
	GlobalSection(SolutionProperties) = preSolution
		HideSolutionNode = FALSE
	EndGlobalSection
	GlobalSection(ExtensibilityGlobals) = postSolution
		SolutionGuid = {F201A772-0D60-4D8A-A89A-1AE03B54167F}
	EndGlobalSection
EndGlobal
